
Microsoft Visual Studio Solution File, Format Version 12.00
# Visual Studio Version 17
VisualStudioVersion = 17.4.33213.308
MinimumVisualStudioVersion = 10.0.40219.1
Project("{FAE04EC0-301F-11D3-BF4B-00C04F79EFBC}") = "EmployeeAPI", "EmployeeAPI\EmployeeAPI.csproj", "{57671812-4F36-4EB5-83DA-B9411D9A1CB1}"
EndProject
Global
	GlobalSection(SolutionConfigurationPlatforms) = preSolution
		Debug|Any CPU = Debug|Any CPU
		Release|Any CPU = Release|Any CPU
	EndGlobalSection
	GlobalSection(ProjectConfigurationPlatforms) = postSolution
		{57671812-4F36-4EB5-83DA-B9411D9A1CB1}.Debug|Any CPU.ActiveCfg = Debug|Any CPU
		{57671812-4F36-4EB5-83DA-B9411D9A1CB1}.Debug|Any CPU.Build.0 = Debug|Any CPU
		{57671812-4F36-4EB5-83DA-B9411D9A1CB1}.Release|Any CPU.ActiveCfg = Release|Any CPU
		{57671812-4F36-4EB5-83DA-B9411D9A1CB1}.Release|Any CPU.Build.0 = Release|Any CPU
	EndGlobalSection
	GlobalSection(SolutionProperties) = preSolution
		HideSolutionNode = FALSE
	EndGlobalSection
	GlobalSection(ExtensibilityGlobals) = postSolution
		SolutionGuid = {C8E916AA-BF1E-45DD-A143-F0AE72EFAF1D}
	EndGlobalSection
EndGlobal
